{
  "version": 4,
  "terraform_version": "1.9.0",
  "serial": 12,
  "lineage": "0f0f0f0f-1111-2222-3333-444444444444",
  "outputs": {},
  "resources": [
    {
      "mode": "managed",
      "type": "edgecenter_instance",
      "name": "web",
      "provider": "provider[\"local.edgecenter.ru/repo/edgecenter\"]",
      "instances": [
        {
          "schema_version": 0,
          "attributes": {
            "id": "447d2959-8ae0-4ca0-8d47-9f050a3637d7",
            "project_id": 1,
            "region_id": 2,
            "name": "web"
          }
        }
      ]
    },
    {
      "mode": "managed",
      "type": "edgecenter_loadbalancer",
      "name": "lb",
      "provider": "provider[\"local.edgecenter.ru/repo/edgecenter\"]",
      "instances": [
        {
          "schema_version": 0,
          "attributes": {
            "id": "5f8a3c1d-9a4b-4c2e-8f6d-7e5a4b3c2d1e",
            "project_id": 1,
            "region_id": 2,
            "name": "lb",
            "listener": [
              {
                "id": "a336f28c-fbb0-4256-9545-e905bed9f48f",
                "name": "http",
                "protocol": "HTTP",
                "protocol_port": 80
              }
            ]
          }
        }
      ]
    },
    {
      "mode": "managed",
      "type": "edgecenter_reseller_images",
      "name": "rimgs",
      "provider": "provider[\"local.edgecenter.ru/repo/edgecenter\"]",
      "instances": [
        {
          "schema_version": 0,
          "attributes": {
            "id": "123456",
            "reseller_id": 123456
          }
        }
      ]
    }
  ]
}
